
Microsoft Visual Studio Solution File, Format Version 12.00
Project("{FAE04EC0-301F-11D3-BF4B-00C04F79EFBC}") = "SalaryApp", "SalaryApp\SalaryApp.csproj", "{8109B250-CAEB-46E2-982C-4022C62B6E78}"
EndProject
Global
	GlobalSection(SolutionConfigurationPlatforms) = preSolution
		Debug|Any CPU = Debug|Any CPU
		Release|Any CPU = Release|Any CPU
	EndGlobalSection
	GlobalSection(ProjectConfigurationPlatforms) = postSolution
		{8109B250-CAEB-46E2-982C-4022C62B6E78}.Debug|Any CPU.ActiveCfg = Debug|Any CPU
		{8109B250-CAEB-46E2-982C-4022C62B6E78}.Debug|Any CPU.Build.0 = Debug|Any CPU
		{8109B250-CAEB-46E2-982C-4022C62B6E78}.Release|Any CPU.ActiveCfg = Release|Any CPU
		{8109B250-CAEB-46E2-982C-4022C62B6E78}.Release|Any CPU.Build.0 = Release|Any CPU
	EndGlobalSection
EndGlobal
